
Microsoft Visual Studio Solution File, Format Version 12.00
# Visual Studio Version 17
VisualStudioVersion = 17.3.32825.248
MinimumVisualStudioVersion = 10.0.40219.1
Project("{FAE04EC0-301F-11D3-BF4B-00C04F79EFBC}") = "Palindrom", "Palindrom\Palindrom.csproj", "{6BC05E21-04F1-49F2-9938-9DE321164784}"
EndProject
Global
	GlobalSection(SolutionConfigurationPlatforms) = preSolution
		Debug|Any CPU = Debug|Any CPU
		Release|Any CPU = Release|Any CPU
	EndGlobalSection
	GlobalSection(ProjectConfigurationPlatforms) = postSolution
		{6BC05E21-04F1-49F2-9938-9DE321164784}.Debug|Any CPU.ActiveCfg = Debug|Any CPU
		{6BC05E21-04F1-49F2-9938-9DE321164784}.Debug|Any CPU.Build.0 = Debug|Any CPU
		{6BC05E21-04F1-49F2-9938-9DE321164784}.Release|Any CPU.ActiveCfg = Release|Any CPU
		{6BC05E21-04F1-49F2-9938-9DE321164784}.Release|Any CPU.Build.0 = Release|Any CPU
	EndGlobalSection
	GlobalSection(SolutionProperties) = preSolution
		HideSolutionNode = FALSE
	EndGlobalSection
	GlobalSection(ExtensibilityGlobals) = postSolution
		SolutionGuid = {E464DC28-7FA7-49E9-8570-E993F0D066AD}
	EndGlobalSection
EndGlobal
